<?xml version="1.0" encoding="UTF-8" standalone="yes" ?>
<CodeBlocks_project_file>
	<FileVersion major="1" minor="6" />
	<Project>
		<Option title="ManaPlus Client" />
		<Option pch_mode="0" />
		<Option compiler="gcc" />
		<Build>
			<Target title="Windows">
				<Option output="manaplus.exe" prefix_auto="0" extension_auto="0" />
				<Option object_output=".objs/" />
				<Option type="0" />
				<Option compiler="gcc" />
				<Option projectResourceIncludeDirsRelation="0" />
				<Compiler>
					<Add option="-O3" />
					<Add option="-Wall" />
					<Add option="-DUSE_OPENGL" />
					<Add option="-DENABLE_NLS" />
					<Add option="-DUSE_MUMBLE" />
					<Add option="-DUSE_INTERNALGUICHAN" />
					<Add directory="src/" />
					<Add directory="include" />
					<Add directory="../winlibs/include/libxml2" />
					<Add directory="../winlibs/include/SDL" />
					<Add directory="../winlibs/include" />
					<Add directory="src/guichan/include" />
				</Compiler>
				<Linker>
					<Add option="-enable-auto-import" />
					<Add library="wsock32" />
					<Add library="SDL_image" />
					<Add library="SDL_mixer" />
					<Add library="SDL_net" />
					<Add library="SDL_ttf" />
					<Add library="SDL_gfx" />
					<Add library="mingw32" />
					<Add library="SDLmain" />
					<Add library="SDL.dll" />
					<Add library="xml2.dll" />
					<Add library="opengl32" />
					<Add library="png15.dll" />
					<Add library="z.dll" />
					<Add library="physfs" />
					<Add library="curl.dll" />
					<Add library="intl" />
					<Add library="ws2_32" />
					<Add library="winmm" />
					<Add directory="../winlibs/libs" />
				</Linker>
			</Target>
			<Target title="Unix">
				<Option platforms="Unix;" />
				<Option output="manaplus" prefix_auto="1" extension_auto="1" />
				<Option type="0" />
				<Option compiler="gcc" />
				<Option parameters='-u -d &quot;../manadata&quot;' />
				<Compiler>
					<Add option="-Wall" />
					<Add option="-g" />
					<Add option="`sdl-config --cflags`" />
					<Add option="-DMANASERV_SUPPORT" />
					<Add option="-DUSE_OPENGL" />
					<Add directory="/usr/include/libxml2" />
				</Compiler>
				<Linker>
					<Add option="`sdl-config --libs`" />
					<Add library="guichan" />
					<Add library="GL" />
					<Add library="physfs" />
					<Add library="curl" />
					<Add library="xml2" />
					<Add library="SDL_mixer" />
					<Add library="SDL_net" />
					<Add library="SDL_image" />
					<Add library="SDL_ttf" />
					<Add library="SDL_gfx" />
					<Add library="png" />
					<Add directory="lib" />
				</Linker>
			</Target>
		</Build>
		<VirtualTargets>
			<Add alias="All" targets="Windows;" />
		</VirtualTargets>
		<Compiler>
		</Compiler>
		<Linker>
		</Linker>
		<Unit filename="src/actionmanager.cpp" />
		<Unit filename="src/actormanager.cpp" />
		<Unit filename="src/animatedsprite.cpp" />
		<Unit filename="src/animationdelayload.cpp" />
		<Unit filename="src/auctionmanager.cpp" />
		<Unit filename="src/avatar.cpp" />
		<Unit filename="src/being/actor.cpp" />
		<Unit filename="src/being/actorsprite.cpp" />
		<Unit filename="src/being/being.cpp" />
		<Unit filename="src/being/compoundsprite.cpp" />
		<Unit filename="src/being/localplayer.cpp" />
		<Unit filename="src/being/playerinfo.cpp" />
		<Unit filename="src/being/playerrelations.cpp" />
		<Unit filename="src/beingequipbackend.cpp" />
		<Unit filename="src/chatlogger.cpp" />
		<Unit filename="src/client.cpp" />
		<Unit filename="src/commandhandler.cpp" />
		<Unit filename="src/commands.cpp" />
		<Unit filename="src/configuration.cpp" />
		<Unit filename="src/debug/debug_new.cpp" />
		<Unit filename="src/defaults.cpp" />
		<Unit filename="src/depricatedevent.cpp" />
		<Unit filename="src/depricatedlistener.cpp" />
		<Unit filename="src/dropshortcut.cpp" />
		<Unit filename="src/effectmanager.cpp" />
		<Unit filename="src/emoteshortcut.cpp" />
		<Unit filename="src/eventsmanager.cpp" />
		<Unit filename="src/flooritem.cpp" />
		<Unit filename="src/game.cpp" />
		<Unit filename="src/graphicsmanager.cpp" />
		<Unit filename="src/graphicsvertexes.cpp" />
		<Unit filename="src/gui/focushandler.cpp" />
		<Unit filename="src/gui/gui.cpp" />
		<Unit filename="src/gui/palette.cpp" />
		<Unit filename="src/gui/popups/beingpopup.cpp" />
		<Unit filename="src/gui/popups/itempopup.cpp" />
		<Unit filename="src/gui/popups/popupmenu.cpp" />
		<Unit filename="src/gui/popups/speechbubble.cpp" />
		<Unit filename="src/gui/popups/spellpopup.cpp" />
		<Unit filename="src/gui/popups/statuspopup.cpp" />
		<Unit filename="src/gui/popups/textpopup.cpp" />
		<Unit filename="src/gui/sdlfont.cpp" />
		<Unit filename="src/gui/sdlinput.cpp" />
		<Unit filename="src/gui/theme.cpp" />
		<Unit filename="src/gui/userpalette.cpp" />
		<Unit filename="src/gui/viewport.cpp" />
		<Unit filename="src/gui/widgets/avatarlistbox.cpp" />
		<Unit filename="src/gui/widgets/browserbox.cpp" />
		<Unit filename="src/gui/widgets/button.cpp" />
		<Unit filename="src/gui/widgets/characterdisplay.cpp" />
		<Unit filename="src/gui/widgets/characterviewnormal.cpp" />
		<Unit filename="src/gui/widgets/characterviewsmall.cpp" />
		<Unit filename="src/gui/widgets/checkbox.cpp" />
		<Unit filename="src/gui/widgets/colormodel.cpp" />
		<Unit filename="src/gui/widgets/colorpage.cpp" />
		<Unit filename="src/gui/widgets/container.cpp" />
		<Unit filename="src/gui/widgets/desktop.cpp" />
		<Unit filename="src/gui/widgets/dropdown.cpp" />
		<Unit filename="src/gui/widgets/dropshortcutcontainer.cpp" />
		<Unit filename="src/gui/widgets/emotepage.cpp" />
		<Unit filename="src/gui/widgets/emoteshortcutcontainer.cpp" />
		<Unit filename="src/gui/widgets/extendedlistbox.cpp" />
		<Unit filename="src/gui/widgets/extendednamesmodel.cpp" />
		<Unit filename="src/gui/widgets/flowcontainer.cpp" />
		<Unit filename="src/gui/widgets/guitable.cpp" />
		<Unit filename="src/gui/widgets/horizontcontainer.cpp" />
		<Unit filename="src/gui/widgets/icon.cpp" />
		<Unit filename="src/gui/widgets/inttextfield.cpp" />
		<Unit filename="src/gui/widgets/itemcontainer.cpp" />
		<Unit filename="src/gui/widgets/itemlinkhandler.cpp" />
		<Unit filename="src/gui/widgets/itemshortcutcontainer.cpp" />
		<Unit filename="src/gui/widgets/label.cpp" />
		<Unit filename="src/gui/widgets/layout.cpp" />
		<Unit filename="src/gui/widgets/layouthelper.cpp" />
		<Unit filename="src/gui/widgets/listbox.cpp" />
		<Unit filename="src/gui/widgets/namesmodel.cpp" />
		<Unit filename="src/gui/widgets/passwordfield.cpp" />
		<Unit filename="src/gui/widgets/playerbox.cpp" />
		<Unit filename="src/gui/widgets/popup.cpp" />
		<Unit filename="src/gui/widgets/popuplist.cpp" />
		<Unit filename="src/gui/widgets/progressbar.cpp" />
		<Unit filename="src/gui/widgets/progressindicator.cpp" />
		<Unit filename="src/gui/widgets/radiobutton.cpp" />
		<Unit filename="src/gui/widgets/radiogroup.cpp" />
		<Unit filename="src/gui/widgets/scrollarea.cpp" />
		<Unit filename="src/gui/widgets/setupitem.cpp" />
		<Unit filename="src/gui/widgets/setuptouchitem.cpp" />
		<Unit filename="src/gui/widgets/shopitems.cpp" />
		<Unit filename="src/gui/widgets/shoplistbox.cpp" />
		<Unit filename="src/gui/widgets/shortcutcontainer.cpp" />
		<Unit filename="src/gui/widgets/skilldata.cpp" />
		<Unit filename="src/gui/widgets/skillinfo.cpp" />
		<Unit filename="src/gui/widgets/skillmodel.cpp" />
		<Unit filename="src/gui/widgets/slider.cpp" />
		<Unit filename="src/gui/widgets/sliderlist.cpp" />
		<Unit filename="src/gui/widgets/spellshortcutcontainer.cpp" />
		<Unit filename="src/gui/widgets/tabbedarea.cpp" />
		<Unit filename="src/gui/widgets/tablemodel.cpp" />
		<Unit filename="src/gui/widgets/tabs/battletab.cpp" />
		<Unit filename="src/gui/widgets/tabs/chattab.cpp" />
		<Unit filename="src/gui/widgets/tabs/gmtab.cpp" />
		<Unit filename="src/gui/widgets/tabs/guildchattab.cpp" />
		<Unit filename="src/gui/widgets/tabs/langtab.cpp" />
		<Unit filename="src/gui/widgets/tabs/setup_audio.cpp" />
		<Unit filename="src/gui/widgets/tabs/setup_chat.cpp" />
		<Unit filename="src/gui/widgets/tabs/setup_colors.cpp" />
		<Unit filename="src/gui/widgets/tabs/setup_input.cpp" />
		<Unit filename="src/gui/widgets/tabs/setup_joystick.cpp" />
		<Unit filename="src/gui/widgets/tabs/setup_other.cpp" />
		<Unit filename="src/gui/widgets/tabs/setup_perfomance.cpp" />
		<Unit filename="src/gui/widgets/tabs/setup_players.cpp" />
		<Unit filename="src/gui/widgets/tabs/setup_relations.cpp" />
		<Unit filename="src/gui/widgets/tabs/setup_theme.cpp" />
		<Unit filename="src/gui/widgets/tabs/setup_touch.cpp" />
		<Unit filename="src/gui/widgets/tabs/setup_video.cpp" />
		<Unit filename="src/gui/widgets/tabs/setup_visual.cpp" />
		<Unit filename="src/gui/widgets/tabs/setuptab.cpp" />
		<Unit filename="src/gui/widgets/tabs/setuptabscroll.cpp" />
		<Unit filename="src/gui/widgets/tabs/tab.cpp" />
		<Unit filename="src/gui/widgets/tabs/tradetab.cpp" />
		<Unit filename="src/gui/widgets/tabs/whispertab.cpp" />
		<Unit filename="src/gui/widgets/tabstrip.cpp" />
		<Unit filename="src/gui/widgets/textbox.cpp" />
		<Unit filename="src/gui/widgets/textfield.cpp" />
		<Unit filename="src/gui/widgets/textpreview.cpp" />
		<Unit filename="src/gui/widgets/vertcontainer.cpp" />
		<Unit filename="src/gui/widgets/widgetgroup.cpp" />
		<Unit filename="src/gui/widgets/window.cpp" />
		<Unit filename="src/gui/widgets/windowcontainer.cpp" />
		<Unit filename="src/gui/windowmenu.cpp" />
		<Unit filename="src/gui/windows/botcheckerwindow.cpp" />
		<Unit filename="src/gui/windows/buydialog.cpp" />
		<Unit filename="src/gui/windows/buyselldialog.cpp" />
		<Unit filename="src/gui/windows/changeemaildialog.cpp" />
		<Unit filename="src/gui/windows/changepassworddialog.cpp" />
		<Unit filename="src/gui/windows/charcreatedialog.cpp" />
		<Unit filename="src/gui/windows/charselectdialog.cpp" />
		<Unit filename="src/gui/windows/chatwindow.cpp" />
		<Unit filename="src/gui/windows/confirmdialog.cpp" />
		<Unit filename="src/gui/windows/connectiondialog.cpp" />
		<Unit filename="src/gui/windows/debugwindow.cpp" />
		<Unit filename="src/gui/windows/didyouknowwindow.cpp" />
		<Unit filename="src/gui/windows/editdialog.cpp" />
		<Unit filename="src/gui/windows/editserverdialog.cpp" />
		<Unit filename="src/gui/windows/emotewindow.cpp" />
		<Unit filename="src/gui/windows/equipmentwindow.cpp" />
		<Unit filename="src/gui/windows/helpwindow.cpp" />
		<Unit filename="src/gui/windows/inventorywindow.cpp" />
		<Unit filename="src/gui/windows/itemamountwindow.cpp" />
		<Unit filename="src/gui/windows/killstats.cpp" />
		<Unit filename="src/gui/windows/logindialog.cpp" />
		<Unit filename="src/gui/windows/minimap.cpp" />
		<Unit filename="src/gui/windows/ministatuswindow.cpp" />
		<Unit filename="src/gui/windows/npcdialog.cpp" />
		<Unit filename="src/gui/windows/npcpostdialog.cpp" />
		<Unit filename="src/gui/windows/okdialog.cpp" />
		<Unit filename="src/gui/windows/outfitwindow.cpp" />
		<Unit filename="src/gui/windows/questswindow.cpp" />
		<Unit filename="src/gui/windows/quitdialog.cpp" />
		<Unit filename="src/gui/windows/registerdialog.cpp" />
		<Unit filename="src/gui/windows/selldialog.cpp" />
		<Unit filename="src/gui/windows/serverdialog.cpp" />
		<Unit filename="src/gui/windows/setup.cpp" />
		<Unit filename="src/gui/windows/shopwindow.cpp" />
		<Unit filename="src/gui/windows/shortcutwindow.cpp" />
		<Unit filename="src/gui/windows/skilldialog.cpp" />
		<Unit filename="src/gui/windows/socialwindow.cpp" />
		<Unit filename="src/gui/windows/statuswindow.cpp" />
		<Unit filename="src/gui/windows/textcommandeditor.cpp" />
		<Unit filename="src/gui/windows/textdialog.cpp" />
		<Unit filename="src/gui/windows/tradewindow.cpp" />
		<Unit filename="src/gui/windows/unregisterdialog.cpp" />
		<Unit filename="src/gui/windows/updaterwindow.cpp" />
		<Unit filename="src/gui/windows/whoisonline.cpp" />
		<Unit filename="src/gui/windows/worldselectdialog.cpp" />
		<Unit filename="src/guichan/actionevent.cpp" />
		<Unit filename="src/guichan/basiccontainer.cpp" />
		<Unit filename="src/guichan/cliprectangle.cpp" />
		<Unit filename="src/guichan/color.cpp" />
		<Unit filename="src/guichan/event.cpp" />
		<Unit filename="src/guichan/exception.cpp" />
		<Unit filename="src/guichan/focushandler.cpp" />
		<Unit filename="src/guichan/font.cpp" />
		<Unit filename="src/guichan/graphics.cpp" />
		<Unit filename="src/guichan/gui.cpp" />
		<Unit filename="src/guichan/image.cpp" />
		<Unit filename="src/guichan/inputevent.cpp" />
		<Unit filename="src/guichan/key.cpp" />
		<Unit filename="src/guichan/keyevent.cpp" />
		<Unit filename="src/guichan/keyinput.cpp" />
		<Unit filename="src/guichan/mouseevent.cpp" />
		<Unit filename="src/guichan/mouseinput.cpp" />
		<Unit filename="src/guichan/rectangle.cpp" />
		<Unit filename="src/guichan/selectionevent.cpp" />
		<Unit filename="src/guichan/widget.cpp" />
		<Unit filename="src/guichan/widgets/button.cpp" />
		<Unit filename="src/guichan/widgets/checkbox.cpp" />
		<Unit filename="src/guichan/widgets/container.cpp" />
		<Unit filename="src/guichan/widgets/label.cpp" />
		<Unit filename="src/guichan/widgets/listbox.cpp" />
		<Unit filename="src/guichan/widgets/radiobutton.cpp" />
		<Unit filename="src/guichan/widgets/scrollarea.cpp" />
		<Unit filename="src/guichan/widgets/slider.cpp" />
		<Unit filename="src/guichan/widgets/textbox.cpp" />
		<Unit filename="src/guichan/widgets/textfield.cpp" />
		<Unit filename="src/guichan/widgets/window.cpp" />
		<Unit filename="src/guild.cpp" />
		<Unit filename="src/guildmanager.cpp" />
		<Unit filename="src/imagesprite.cpp" />
		<Unit filename="src/input/inputevent.cpp" />
		<Unit filename="src/input/inputmanager.cpp" />
		<Unit filename="src/input/joystick.cpp" />
		<Unit filename="src/input/keyboardconfig.cpp" />
		<Unit filename="src/input/keyevent.cpp" />
		<Unit filename="src/input/keyinput.cpp" />
		<Unit filename="src/input/multitouchmanager.cpp" />
		<Unit filename="src/inventory.cpp" />
		<Unit filename="src/item.cpp" />
		<Unit filename="src/itemshortcut.cpp" />
		<Unit filename="src/itemsoundmanager.cpp" />
		<Unit filename="src/logger.cpp" />
		<Unit filename="src/main.cpp" />
		<Unit filename="src/manaplus.rc">
			<Option compilerVar="WINDRES" />
		</Unit>
		<Unit filename="src/map.cpp" />
		<Unit filename="src/mapheights.cpp" />
		<Unit filename="src/maplayer.cpp" />
		<Unit filename="src/mouseinput.cpp" />
		<Unit filename="src/mumblemanager.cpp" />
		<Unit filename="src/navigationmanager.cpp" />
		<Unit filename="src/net/charserverhandler.cpp" />
		<Unit filename="src/net/download.cpp" />
		<Unit filename="src/net/ea/adminhandler.cpp" />
		<Unit filename="src/net/ea/beinghandler.cpp" />
		<Unit filename="src/net/ea/buysellhandler.cpp" />
		<Unit filename="src/net/ea/charserverhandler.cpp" />
		<Unit filename="src/net/ea/chathandler.cpp" />
		<Unit filename="src/net/ea/gamehandler.cpp" />
		<Unit filename="src/net/ea/gui/guildtab.cpp" />
		<Unit filename="src/net/ea/gui/partytab.cpp" />
		<Unit filename="src/net/ea/guildhandler.cpp" />
		<Unit filename="src/net/ea/inventoryhandler.cpp" />
		<Unit filename="src/net/ea/itemhandler.cpp" />
		<Unit filename="src/net/ea/loginhandler.cpp" />
		<Unit filename="src/net/ea/network.cpp" />
		<Unit filename="src/net/ea/npchandler.cpp" />
		<Unit filename="src/net/ea/partyhandler.cpp" />
		<Unit filename="src/net/ea/playerhandler.cpp" />
		<Unit filename="src/net/ea/skillhandler.cpp" />
		<Unit filename="src/net/ea/tradehandler.cpp" />
		<Unit filename="src/net/eathena/adminhandler.cpp" />
		<Unit filename="src/net/eathena/beinghandler.cpp" />
		<Unit filename="src/net/eathena/buysellhandler.cpp" />
		<Unit filename="src/net/eathena/charserverhandler.cpp" />
		<Unit filename="src/net/eathena/chathandler.cpp" />
		<Unit filename="src/net/eathena/gamehandler.cpp" />
		<Unit filename="src/net/eathena/generalhandler.cpp" />
		<Unit filename="src/net/eathena/gui/guildtab.cpp" />
		<Unit filename="src/net/eathena/gui/partytab.cpp" />
		<Unit filename="src/net/eathena/guildhandler.cpp" />
		<Unit filename="src/net/eathena/inventoryhandler.cpp" />
		<Unit filename="src/net/eathena/itemhandler.cpp" />
		<Unit filename="src/net/eathena/loginhandler.cpp" />
		<Unit filename="src/net/eathena/messagehandler.cpp" />
		<Unit filename="src/net/eathena/messagein.cpp" />
		<Unit filename="src/net/eathena/messageout.cpp" />
		<Unit filename="src/net/eathena/network.cpp" />
		<Unit filename="src/net/eathena/npchandler.cpp" />
		<Unit filename="src/net/eathena/partyhandler.cpp" />
		<Unit filename="src/net/eathena/playerhandler.cpp" />
		<Unit filename="src/net/eathena/skillhandler.cpp" />
		<Unit filename="src/net/eathena/tradehandler.cpp" />
		<Unit filename="src/net/messagein.cpp" />
		<Unit filename="src/net/messageout.cpp" />
		<Unit filename="src/net/net.cpp" />
		<Unit filename="src/net/packetcounters.cpp" />
		<Unit filename="src/net/sdltcpnet.cpp" />
		<Unit filename="src/net/tmwa/adminhandler.cpp" />
		<Unit filename="src/net/tmwa/beinghandler.cpp" />
		<Unit filename="src/net/tmwa/buysellhandler.cpp" />
		<Unit filename="src/net/tmwa/charserverhandler.cpp" />
		<Unit filename="src/net/tmwa/chathandler.cpp" />
		<Unit filename="src/net/tmwa/gamehandler.cpp" />
		<Unit filename="src/net/tmwa/generalhandler.cpp" />
		<Unit filename="src/net/tmwa/gui/guildtab.cpp" />
		<Unit filename="src/net/tmwa/gui/partytab.cpp" />
		<Unit filename="src/net/tmwa/guildhandler.cpp" />
		<Unit filename="src/net/tmwa/inventoryhandler.cpp" />
		<Unit filename="src/net/tmwa/itemhandler.cpp" />
		<Unit filename="src/net/tmwa/loginhandler.cpp" />
		<Unit filename="src/net/tmwa/messagehandler.cpp" />
		<Unit filename="src/net/tmwa/messagein.cpp" />
		<Unit filename="src/net/tmwa/messageout.cpp" />
		<Unit filename="src/net/tmwa/network.cpp" />
		<Unit filename="src/net/tmwa/npchandler.cpp" />
		<Unit filename="src/net/tmwa/partyhandler.cpp" />
		<Unit filename="src/net/tmwa/playerhandler.cpp" />
		<Unit filename="src/net/tmwa/questhandler.cpp" />
		<Unit filename="src/net/tmwa/skillhandler.cpp" />
		<Unit filename="src/net/tmwa/tradehandler.cpp" />
		<Unit filename="src/notifymanager.cpp" />
		<Unit filename="src/particle/animationparticle.cpp" />
		<Unit filename="src/particle/imageparticle.cpp" />
		<Unit filename="src/particle/particle.cpp" />
		<Unit filename="src/particle/particlecontainer.cpp" />
		<Unit filename="src/particle/particleemitter.cpp" />
		<Unit filename="src/particle/rotationalparticle.cpp" />
		<Unit filename="src/particle/textparticle.cpp" />
		<Unit filename="src/party.cpp" />
		<Unit filename="src/position.cpp" />
		<Unit filename="src/render/graphics.cpp" />
		<Unit filename="src/render/mgl.cpp" />
		<Unit filename="src/render/mobileopenglgraphics.cpp" />
		<Unit filename="src/render/normalopenglgraphics.cpp" />
		<Unit filename="src/render/nullopenglgraphics.cpp" />
		<Unit filename="src/render/renderers.cpp" />
		<Unit filename="src/render/safeopenglgraphics.cpp" />
		<Unit filename="src/render/sdl2graphics.cpp" />
		<Unit filename="src/render/sdl2softwaregraphics.cpp" />
		<Unit filename="src/render/sdlgraphics.cpp" />
		<Unit filename="src/render/surfacegraphics.cpp" />
		<Unit filename="src/resources/action.cpp" />
		<Unit filename="src/resources/ambientlayer.cpp" />
		<Unit filename="src/resources/animation.cpp" />
		<Unit filename="src/resources/atlasmanager.cpp" />
		<Unit filename="src/resources/beingcommon.cpp" />
		<Unit filename="src/resources/beinginfo.cpp" />
		<Unit filename="src/resources/cursor.cpp" />
		<Unit filename="src/resources/db/avatardb.cpp" />
		<Unit filename="src/resources/db/chardb.cpp" />
		<Unit filename="src/resources/db/colordb.cpp" />
		<Unit filename="src/resources/db/deaddb.cpp" />
		<Unit filename="src/resources/db/emotedb.cpp" />
		<Unit filename="src/resources/db/itemdb.cpp" />
		<Unit filename="src/resources/db/mapdb.cpp" />
		<Unit filename="src/resources/db/monsterdb.cpp" />
		<Unit filename="src/resources/db/npcdb.cpp" />
		<Unit filename="src/resources/db/palettedb.cpp" />
		<Unit filename="src/resources/db/petdb.cpp" />
		<Unit filename="src/resources/db/sounddb.cpp" />
		<Unit filename="src/resources/dye.cpp" />
		<Unit filename="src/resources/image.cpp" />
		<Unit filename="src/resources/imagehelper.cpp" />
		<Unit filename="src/resources/imageset.cpp" />
		<Unit filename="src/resources/imagewriter.cpp" />
		<Unit filename="src/resources/iteminfo.cpp" />
		<Unit filename="src/resources/mapreader.cpp" />
		<Unit filename="src/resources/openglimagehelper.cpp" />
		<Unit filename="src/resources/resource.cpp" />
		<Unit filename="src/resources/resourcemanager.cpp" />
		<Unit filename="src/resources/sdl2imagehelper.cpp" />
		<Unit filename="src/resources/sdl2softwareimagehelper.cpp" />
		<Unit filename="src/resources/sdlimagehelper.cpp" />
		<Unit filename="src/resources/sdlmusic.cpp" />
		<Unit filename="src/resources/soundeffect.cpp" />
		<Unit filename="src/resources/spritedef.cpp" />
		<Unit filename="src/resources/subimage.cpp" />
		<Unit filename="src/resources/surfaceimagehelper.cpp" />
		<Unit filename="src/resources/wallpaper.cpp" />
		<Unit filename="src/shopitem.cpp" />
		<Unit filename="src/simpleanimation.cpp" />
		<Unit filename="src/soundmanager.cpp" />
		<Unit filename="src/spellmanager.cpp" />
		<Unit filename="src/spellshortcut.cpp" />
		<Unit filename="src/statuseffect.cpp" />
		<Unit filename="src/test/testlauncher.cpp" />
		<Unit filename="src/test/testmain.cpp" />
		<Unit filename="src/text.cpp" />
		<Unit filename="src/textcommand.cpp" />
		<Unit filename="src/textmanager.cpp" />
		<Unit filename="src/touchactions.cpp" />
		<Unit filename="src/touchmanager.cpp" />
		<Unit filename="src/units.cpp" />
		<Unit filename="src/utils/base64.cpp" />
		<Unit filename="src/utils/checkutils.cpp" />
		<Unit filename="src/utils/copynpaste.cpp" />
		<Unit filename="src/utils/cpu.cpp" />
		<Unit filename="src/utils/files.cpp" />
		<Unit filename="src/utils/fuzzer.cpp" />
		<Unit filename="src/utils/langs.cpp" />
		<Unit filename="src/utils/mkdir.cpp" />
		<Unit filename="src/utils/paths.cpp" />
		<Unit filename="src/utils/perfomance.cpp" />
		<Unit filename="src/utils/physfscheckutils.cpp" />
		<Unit filename="src/utils/physfsrwops.cpp" />
		<Unit filename="src/utils/physfstools.cpp" />
		<Unit filename="src/utils/process.cpp" />
		<Unit filename="src/utils/sdl2helper.cpp" />
		<Unit filename="src/utils/sdlcheckutils.cpp" />
		<Unit filename="src/utils/sdlhelper.cpp" />
		<Unit filename="src/utils/specialfolder.cpp" />
		<Unit filename="src/utils/stringutils.cpp" />
		<Unit filename="src/utils/timer.cpp" />
		<Unit filename="src/utils/translation/podict.cpp" />
		<Unit filename="src/utils/translation/poparser.cpp" />
		<Unit filename="src/utils/translation/translationmanager.cpp" />
		<Unit filename="src/utils/xml.cpp" />
		<Unit filename="src/vector.cpp" />
		<Unit filename="src/walklayer.cpp" />
		<Extensions>
			<code_completion />
			<envvars />
			<debugger />
		</Extensions>
	</Project>
</CodeBlocks_project_file>
