<?xml version="1.0" encoding="UTF-8" standalone="yes" ?>
<CodeBlocks_project_file>
	<FileVersion major="1" minor="6" />
	<Project>
		<Option title="ManaPlus Client" />
		<Option pch_mode="0" />
		<Option compiler="gcc" />
		<Build>
			<Target title="Windows">
				<Option output="manaplus.exe" prefix_auto="0" extension_auto="0" />
				<Option object_output=".objs\" />
				<Option type="0" />
				<Option compiler="gcc" />
				<Option parameters="-u -d C:\mana\data" />
				<Option projectResourceIncludeDirsRelation="0" />
				<Compiler>
					<Add option="-O3" />
					<Add option="-Wall" />
					<Add option="-DUSE_OPENGL" />
					<Add option="-DNOGDI" />
					<Add option="-DENABLE_NLS" />
					<Add option="-DEATHENA_SUPPORT" />
					<Add directory="..\tmw_libs\include" />
					<Add directory="..\tmw_libs\include\SDL" />
					<Add directory="..\tmw_libs\include\libxml2" />
				</Compiler>
				<Linker>
					<Add option="-enable-auto-import" />
					<Add library="guichan" />
					<Add library="guichan_sdl" />
					<Add library="guichan_opengl" />
					<Add library="wsock32" />
					<Add library="SDL_image" />
					<Add library="SDL_mixer" />
					<Add library="SDL_net" />
					<Add library="SDL_ttf" />
					<Add library="SDL_gfx" />
					<Add library="mingw32" />
					<Add library="SDLmain" />
					<Add library="SDL.dll" />
					<Add library="xml2.dll" />
					<Add library="opengl32" />
					<Add library="png12.dll" />
					<Add library="z.dll" />
					<Add library="physfs" />
					<Add library="curl.dll" />
					<Add library="intl" />
					<Add library="enet" />
					<Add library="ws2_32" />
					<Add library="winmm" />
					<Add directory="..\tmw_libs\lib" />
				</Linker>
			</Target>
			<Target title="Unix">
				<Option platforms="Unix;" />
				<Option output="mana" prefix_auto="1" extension_auto="1" />
				<Option type="0" />
				<Option compiler="gcc" />
				<Option parameters='-u -d &quot;../manadata&quot;' />
				<Compiler>
					<Add option="-Wall" />
					<Add option="-g" />
					<Add option="`sdl-config --cflags`" />
					<Add option="-DMANASERV_SUPPORT" />
					<Add option="-DUSE_OPENGL" />
					<Add directory="\usr\local\include\libxml2" />
				</Compiler>
				<Linker>
					<Add option="`sdl-config --libs`" />
					<Add library="guichan" />
					<Add library="guichan_sdl" />
					<Add library="guichan_opengl" />
					<Add library="GL" />
					<Add library="physfs" />
					<Add library="curl" />
					<Add library="xml2" />
					<Add library="SDL_mixer" />
					<Add library="SDL_net" />
					<Add library="SDL_image" />
					<Add library="SDL_ttf" />
					<Add library="SDL_gfx" />
					<Add library="png" />
					<Add library="enet" />
				</Linker>
			</Target>
		</Build>
		<VirtualTargets>
			<Add alias="All" targets="Windows;" />
		</VirtualTargets>
		<Compiler>
			<Add directory="src\" />
			<Add directory="include" />
			<Add directory="include\libxml2" />
			<Add directory="include\SDL" />
		</Compiler>
		<Linker>
			<Add directory="lib" />
		</Linker>
		<Unit filename="src\SDLMain.h" />
		<Unit filename="src\SDLMain.m" />
		<Unit filename="src\actor.cpp" />
		<Unit filename="src\actor.h" />
		<Unit filename="src\actorsprite.cpp" />
		<Unit filename="src\actorsprite.h" />
		<Unit filename="src\actorspritelistener.h" />
		<Unit filename="src\actorspritemanager.cpp" />
		<Unit filename="src\actorspritemanager.h" />
		<Unit filename="src\animatedsprite.cpp" />
		<Unit filename="src\animatedsprite.h" />
		<Unit filename="src\animationparticle.cpp" />
		<Unit filename="src\animationparticle.h" />
		<Unit filename="src\avatar.cpp" />
		<Unit filename="src\avatar.h" />
		<Unit filename="src\being.cpp" />
		<Unit filename="src\being.h" />
		<Unit filename="src\channel.cpp" />
		<Unit filename="src\channel.h" />
		<Unit filename="src\channelmanager.cpp" />
		<Unit filename="src\channelmanager.h" />
		<Unit filename="src\chatlog.cpp" />
		<Unit filename="src\chatlog.h" />
		<Unit filename="src\client.cpp" />
		<Unit filename="src\client.h" />
		<Unit filename="src\commandhandler.cpp" />
		<Unit filename="src\commandhandler.h" />
		<Unit filename="src\compoundsprite.cpp" />
		<Unit filename="src\compoundsprite.h" />
		<Unit filename="src\configlistener.h" />
		<Unit filename="src\configuration.cpp" />
		<Unit filename="src\configuration.h" />
		<Unit filename="src\debug.h" />
		<Unit filename="src\defaults.cpp" />
		<Unit filename="src\defaults.h" />
		<Unit filename="src\dropshortcut.cpp" />
		<Unit filename="src\dropshortcut.h" />
		<Unit filename="src\effectmanager.cpp" />
		<Unit filename="src\effectmanager.h" />
		<Unit filename="src\emoteshortcut.cpp" />
		<Unit filename="src\emoteshortcut.h" />
		<Unit filename="src\equipment.h" />
		<Unit filename="src\event.cpp" />
		<Unit filename="src\event.h" />
		<Unit filename="src\flooritem.cpp" />
		<Unit filename="src\flooritem.h" />
		<Unit filename="src\game.cpp" />
		<Unit filename="src\game.h" />
		<Unit filename="src\graphics.cpp" />
		<Unit filename="src\graphics.h" />
		<Unit filename="src\graphicsvertexes.cpp" />
		<Unit filename="src\graphicsvertexes.h" />
		<Unit filename="src\gui\beingpopup.cpp" />
		<Unit filename="src\gui\beingpopup.h" />
		<Unit filename="src\gui\botcheckerwindow.cpp" />
		<Unit filename="src\gui\botcheckerwindow.h" />
		<Unit filename="src\gui\buydialog.cpp" />
		<Unit filename="src\gui\buydialog.h" />
		<Unit filename="src\gui\buyselldialog.cpp" />
		<Unit filename="src\gui\buyselldialog.h" />
		<Unit filename="src\gui\changeemaildialog.cpp" />
		<Unit filename="src\gui\changeemaildialog.h" />
		<Unit filename="src\gui\changepassworddialog.cpp" />
		<Unit filename="src\gui\changepassworddialog.h" />
		<Unit filename="src\gui\charcreatedialog.cpp" />
		<Unit filename="src\gui\charcreatedialog.h" />
		<Unit filename="src\gui\charselectdialog.cpp" />
		<Unit filename="src\gui\charselectdialog.h" />
		<Unit filename="src\gui\chatwindow.cpp" />
		<Unit filename="src\gui\chatwindow.h" />
		<Unit filename="src\gui\confirmdialog.cpp" />
		<Unit filename="src\gui\confirmdialog.h" />
		<Unit filename="src\gui\connectiondialog.cpp" />
		<Unit filename="src\gui\connectiondialog.h" />
		<Unit filename="src\gui\debugwindow.cpp" />
		<Unit filename="src\gui\debugwindow.h" />
		<Unit filename="src\gui\editdialog.cpp" />
		<Unit filename="src\gui\editdialog.h" />
		<Unit filename="src\gui\emotepopup.cpp" />
		<Unit filename="src\gui\emotepopup.h" />
		<Unit filename="src\gui\equipmentwindow.cpp" />
		<Unit filename="src\gui\equipmentwindow.h" />
		<Unit filename="src\gui\focushandler.cpp" />
		<Unit filename="src\gui\focushandler.h" />
		<Unit filename="src\gui\gui.cpp" />
		<Unit filename="src\gui\gui.h" />
		<Unit filename="src\gui\helpwindow.cpp" />
		<Unit filename="src\gui\helpwindow.h" />
		<Unit filename="src\gui\inventorywindow.cpp" />
		<Unit filename="src\gui\inventorywindow.h" />
		<Unit filename="src\gui\itemamountwindow.cpp" />
		<Unit filename="src\gui\itemamountwindow.h" />
		<Unit filename="src\gui\itempopup.cpp" />
		<Unit filename="src\gui\itempopup.h" />
		<Unit filename="src\gui\killstats.cpp" />
		<Unit filename="src\gui\killstats.h" />
		<Unit filename="src\gui\logindialog.cpp" />
		<Unit filename="src\gui\logindialog.h" />
		<Unit filename="src\gui\minimap.cpp" />
		<Unit filename="src\gui\minimap.h" />
		<Unit filename="src\gui\ministatus.cpp" />
		<Unit filename="src\gui\ministatus.h" />
		<Unit filename="src\gui\npcdialog.cpp" />
		<Unit filename="src\gui\npcdialog.h" />
		<Unit filename="src\gui\npcpostdialog.cpp" />
		<Unit filename="src\gui\npcpostdialog.h" />
		<Unit filename="src\gui\okdialog.cpp" />
		<Unit filename="src\gui\okdialog.h" />
		<Unit filename="src\gui\outfitwindow.cpp" />
		<Unit filename="src\gui\outfitwindow.h" />
		<Unit filename="src\gui\palette.cpp" />
		<Unit filename="src\gui\palette.h" />
		<Unit filename="src\gui\popupmenu.cpp" />
		<Unit filename="src\gui\popupmenu.h" />
		<Unit filename="src\gui\quitdialog.cpp" />
		<Unit filename="src\gui\quitdialog.h" />
		<Unit filename="src\gui\register.cpp" />
		<Unit filename="src\gui\register.h" />
		<Unit filename="src\gui\sdlinput.cpp" />
		<Unit filename="src\gui\sdlinput.h" />
		<Unit filename="src\gui\selldialog.cpp" />
		<Unit filename="src\gui\selldialog.h" />
		<Unit filename="src\gui\serverdialog.cpp" />
		<Unit filename="src\gui\serverdialog.h" />
		<Unit filename="src\gui\setup.cpp" />
		<Unit filename="src\gui\setup.h" />
		<Unit filename="src\gui\setup_audio.cpp" />
		<Unit filename="src\gui\setup_audio.h" />
		<Unit filename="src\gui\setup_chat.cpp" />
		<Unit filename="src\gui\setup_chat.h" />
		<Unit filename="src\gui\setup_colors.cpp" />
		<Unit filename="src\gui\setup_colors.h" />
		<Unit filename="src\gui\setup_joystick.cpp" />
		<Unit filename="src\gui\setup_joystick.h" />
		<Unit filename="src\gui\setup_keyboard.cpp" />
		<Unit filename="src\gui\setup_keyboard.h" />
		<Unit filename="src\gui\setup_other.cpp" />
		<Unit filename="src\gui\setup_other.h" />
		<Unit filename="src\gui\setup_players.cpp" />
		<Unit filename="src\gui\setup_players.h" />
		<Unit filename="src\gui\setup_theme.cpp" />
		<Unit filename="src\gui\setup_theme.h" />
		<Unit filename="src\gui\setup_video.cpp" />
		<Unit filename="src\gui\setup_video.h" />
		<Unit filename="src\gui\shopwindow.cpp" />
		<Unit filename="src\gui\shopwindow.h" />
		<Unit filename="src\gui\shortcutwindow.cpp" />
		<Unit filename="src\gui\shortcutwindow.h" />
		<Unit filename="src\gui\skilldialog.cpp" />
		<Unit filename="src\gui\skilldialog.h" />
		<Unit filename="src\gui\socialwindow.cpp" />
		<Unit filename="src\gui\socialwindow.h" />
		<Unit filename="src\gui\specialswindow.cpp" />
		<Unit filename="src\gui\specialswindow.h" />
		<Unit filename="src\gui\speechbubble.cpp" />
		<Unit filename="src\gui\speechbubble.h" />
		<Unit filename="src\gui\spellpopup.cpp" />
		<Unit filename="src\gui\spellpopup.h" />
		<Unit filename="src\gui\statuspopup.cpp" />
		<Unit filename="src\gui\statuspopup.h" />
		<Unit filename="src\gui\statuswindow.cpp" />
		<Unit filename="src\gui\statuswindow.h" />
		<Unit filename="src\gui\textcommandeditor.cpp" />
		<Unit filename="src\gui\textcommandeditor.h" />
		<Unit filename="src\gui\textdialog.cpp" />
		<Unit filename="src\gui\textdialog.h" />
		<Unit filename="src\gui\textpopup.cpp" />
		<Unit filename="src\gui\textpopup.h" />
		<Unit filename="src\gui\theme.cpp" />
		<Unit filename="src\gui\theme.h" />
		<Unit filename="src\gui\trade.cpp" />
		<Unit filename="src\gui\trade.h" />
		<Unit filename="src\gui\sdlfont.cpp" />
		<Unit filename="src\gui\sdlfont.h" />
		<Unit filename="src\gui\unregisterdialog.cpp" />
		<Unit filename="src\gui\unregisterdialog.h" />
		<Unit filename="src\gui\updatewindow.cpp" />
		<Unit filename="src\gui\updatewindow.h" />
		<Unit filename="src\gui\userpalette.cpp" />
		<Unit filename="src\gui\userpalette.h" />
		<Unit filename="src\gui\viewport.cpp" />
		<Unit filename="src\gui\viewport.h" />
		<Unit filename="src\gui\whoisonline.cpp" />
		<Unit filename="src\gui\whoisonline.h" />
		<Unit filename="src\gui\widgets\avatarlistbox.cpp" />
		<Unit filename="src\gui\widgets\avatarlistbox.h" />
		<Unit filename="src\gui\widgets\battletab.cpp" />
		<Unit filename="src\gui\widgets\battletab.h" />
		<Unit filename="src\gui\widgets\browserbox.cpp" />
		<Unit filename="src\gui\widgets\browserbox.h" />
		<Unit filename="src\gui\widgets\button.cpp" />
		<Unit filename="src\gui\widgets\button.h" />
		<Unit filename="src\gui\widgets\channeltab.cpp" />
		<Unit filename="src\gui\widgets\channeltab.h" />
		<Unit filename="src\gui\widgets\chattab.cpp" />
		<Unit filename="src\gui\widgets\chattab.h" />
		<Unit filename="src\gui\widgets\checkbox.cpp" />
		<Unit filename="src\gui\widgets\checkbox.h" />
		<Unit filename="src\gui\widgets\container.cpp" />
		<Unit filename="src\gui\widgets\container.h" />
		<Unit filename="src\gui\widgets\desktop.cpp" />
		<Unit filename="src\gui\widgets\desktop.h" />
		<Unit filename="src\gui\widgets\dropdown.cpp" />
		<Unit filename="src\gui\widgets\dropdown.h" />
		<Unit filename="src\gui\widgets\dropshortcutcontainer.cpp" />
		<Unit filename="src\gui\widgets\dropshortcutcontainer.h" />
		<Unit filename="src\gui\widgets\emoteshortcutcontainer.cpp" />
		<Unit filename="src\gui\widgets\emoteshortcutcontainer.h" />
		<Unit filename="src\gui\widgets\flowcontainer.cpp" />
		<Unit filename="src\gui\widgets\flowcontainer.h" />
		<Unit filename="src\gui\widgets\horizontcontainer.cpp" />
		<Unit filename="src\gui\widgets\horizontcontainer.h" />
		<Unit filename="src\gui\widgets\icon.cpp" />
		<Unit filename="src\gui\widgets\icon.h" />
		<Unit filename="src\gui\widgets\inttextfield.cpp" />
		<Unit filename="src\gui\widgets\inttextfield.h" />
		<Unit filename="src\gui\widgets\inventoryfilter.cpp" />
		<Unit filename="src\gui\widgets\inventoryfilter.h" />
		<Unit filename="src\gui\widgets\itemcontainer.cpp" />
		<Unit filename="src\gui\widgets\itemcontainer.h" />
		<Unit filename="src\gui\widgets\itemlinkhandler.cpp" />
		<Unit filename="src\gui\widgets\itemlinkhandler.h" />
		<Unit filename="src\gui\widgets\itemshortcutcontainer.cpp" />
		<Unit filename="src\gui\widgets\itemshortcutcontainer.h" />
		<Unit filename="src\gui\widgets\label.cpp" />
		<Unit filename="src\gui\widgets\label.h" />
		<Unit filename="src\gui\widgets\layout.cpp" />
		<Unit filename="src\gui\widgets\layout.h" />
		<Unit filename="src\gui\widgets\layouthelper.cpp" />
		<Unit filename="src\gui\widgets\layouthelper.h" />
		<Unit filename="src\gui\widgets\linkhandler.h" />
		<Unit filename="src\gui\widgets\listbox.cpp" />
		<Unit filename="src\gui\widgets\listbox.h" />
		<Unit filename="src\gui\widgets\passwordfield.cpp" />
		<Unit filename="src\gui\widgets\passwordfield.h" />
		<Unit filename="src\gui\widgets\playerbox.cpp" />
		<Unit filename="src\gui\widgets\playerbox.h" />
		<Unit filename="src\gui\widgets\popup.cpp" />
		<Unit filename="src\gui\widgets\popup.h" />
		<Unit filename="src\gui\widgets\progressbar.cpp" />
		<Unit filename="src\gui\widgets\progressbar.h" />
		<Unit filename="src\gui\widgets\progressindicator.cpp" />
		<Unit filename="src\gui\widgets\progressindicator.h" />
		<Unit filename="src\gui\widgets\radiobutton.cpp" />
		<Unit filename="src\gui\widgets\radiobutton.h" />
		<Unit filename="src\gui\widgets\resizegrip.cpp" />
		<Unit filename="src\gui\widgets\resizegrip.h" />
		<Unit filename="src\gui\widgets\scrollarea.cpp" />
		<Unit filename="src\gui\widgets\scrollarea.h" />
		<Unit filename="src\gui\widgets\setuptab.cpp" />
		<Unit filename="src\gui\widgets\setuptab.h" />
		<Unit filename="src\gui\widgets\shopitems.cpp" />
		<Unit filename="src\gui\widgets\shopitems.h" />
		<Unit filename="src\gui\widgets\shoplistbox.cpp" />
		<Unit filename="src\gui\widgets\shoplistbox.h" />
		<Unit filename="src\gui\widgets\shortcutcontainer.cpp" />
		<Unit filename="src\gui\widgets\shortcutcontainer.h" />
		<Unit filename="src\gui\widgets\slider.cpp" />
		<Unit filename="src\gui\widgets\slider.h" />
		<Unit filename="src\gui\widgets\spellshortcutcontainer.cpp" />
		<Unit filename="src\gui\widgets\spellshortcutcontainer.h" />
		<Unit filename="src\gui\widgets\tab.cpp" />
		<Unit filename="src\gui\widgets\tab.h" />
		<Unit filename="src\gui\widgets\tabbedarea.cpp" />
		<Unit filename="src\gui\widgets\tabbedarea.h" />
		<Unit filename="src\gui\widgets\table.cpp" />
		<Unit filename="src\gui\widgets\table.h" />
		<Unit filename="src\gui\widgets\tablemodel.cpp" />
		<Unit filename="src\gui\widgets\tablemodel.h" />
		<Unit filename="src\gui\widgets\textbox.cpp" />
		<Unit filename="src\gui\widgets\textbox.h" />
		<Unit filename="src\gui\widgets\textfield.cpp" />
		<Unit filename="src\gui\widgets\textfield.h" />
		<Unit filename="src\gui\widgets\textpreview.cpp" />
		<Unit filename="src\gui\widgets\textpreview.h" />
		<Unit filename="src\gui\widgets\tradetab.cpp" />
		<Unit filename="src\gui\widgets\tradetab.h" />
		<Unit filename="src\gui\widgets\vertcontainer.cpp" />
		<Unit filename="src\gui\widgets\vertcontainer.h" />
		<Unit filename="src\gui\widgets\whispertab.cpp" />
		<Unit filename="src\gui\widgets\whispertab.h" />
		<Unit filename="src\gui\widgets\window.cpp" />
		<Unit filename="src\gui\widgets\window.h" />
		<Unit filename="src\gui\widgets\windowcontainer.cpp" />
		<Unit filename="src\gui\widgets\windowcontainer.h" />
		<Unit filename="src\gui\windowmenu.cpp" />
		<Unit filename="src\gui\windowmenu.h" />
		<Unit filename="src\gui\worldselectdialog.cpp" />
		<Unit filename="src\gui\worldselectdialog.h" />
		<Unit filename="src\guichanfwd.h" />
		<Unit filename="src\guild.cpp" />
		<Unit filename="src\guild.h" />
		<Unit filename="src\imageparticle.cpp" />
		<Unit filename="src\imageparticle.h" />
		<Unit filename="src\imagesprite.cpp" />
		<Unit filename="src\imagesprite.h" />
		<Unit filename="src\inventory.cpp" />
		<Unit filename="src\inventory.h" />
		<Unit filename="src\item.cpp" />
		<Unit filename="src\item.h" />
		<Unit filename="src\itemshortcut.cpp" />
		<Unit filename="src\itemshortcut.h" />
		<Unit filename="src\joystick.cpp" />
		<Unit filename="src\joystick.h" />
		<Unit filename="src\keyboardconfig.cpp" />
		<Unit filename="src\keyboardconfig.h" />
		<Unit filename="src\listener.cpp" />
		<Unit filename="src\listener.h" />
		<Unit filename="src\localplayer.cpp" />
		<Unit filename="src\localplayer.h" />
		<Unit filename="src\log.cpp" />
		<Unit filename="src\log.h" />
		<Unit filename="src\main.cpp" />
		<Unit filename="src\main.h" />
		<Unit filename="src\mana.rc">
			<Option compilerVar="WINDRES" />
		</Unit>
		<Unit filename="src\map.cpp" />
		<Unit filename="src\map.h" />
		<Unit filename="src\mumblemanager.cpp" />
		<Unit filename="src\mumblemanager.h" />
		<Unit filename="src\net\adminhandler.h" />
		<Unit filename="src\net\charhandler.cpp" />
		<Unit filename="src\net\charhandler.h" />
		<Unit filename="src\net\chathandler.h" />
		<Unit filename="src\net\download.cpp" />
		<Unit filename="src\net\download.h" />
		<Unit filename="src\net\gamehandler.h" />
		<Unit filename="src\net\generalhandler.h" />
		<Unit filename="src\net\guildhandler.h" />
		<Unit filename="src\net\inventoryhandler.h" />
		<Unit filename="src\net\logindata.h" />
		<Unit filename="src\net\loginhandler.h" />
		<Unit filename="src\net\manaserv\adminhandler.cpp" />
		<Unit filename="src\net\manaserv\adminhandler.h" />
		<Unit filename="src\net\manaserv\attributes.cpp" />
		<Unit filename="src\net\manaserv\attributes.h" />
		<Unit filename="src\net\manaserv\beinghandler.cpp" />
		<Unit filename="src\net\manaserv\beinghandler.h" />
		<Unit filename="src\net\manaserv\buysellhandler.cpp" />
		<Unit filename="src\net\manaserv\buysellhandler.h" />
		<Unit filename="src\net\manaserv\charhandler.cpp" />
		<Unit filename="src\net\manaserv\charhandler.h" />
		<Unit filename="src\net\manaserv\chathandler.cpp" />
		<Unit filename="src\net\manaserv\chathandler.h" />
		<Unit filename="src\net\manaserv\connection.cpp" />
		<Unit filename="src\net\manaserv\connection.h" />
		<Unit filename="src\net\manaserv\defines.h" />
		<Unit filename="src\net\manaserv\effecthandler.cpp" />
		<Unit filename="src\net\manaserv\effecthandler.h" />
		<Unit filename="src\net\manaserv\gamehandler.cpp" />
		<Unit filename="src\net\manaserv\gamehandler.h" />
		<Unit filename="src\net\manaserv\generalhandler.cpp" />
		<Unit filename="src\net\manaserv\generalhandler.h" />
		<Unit filename="src\net\manaserv\guildhandler.cpp" />
		<Unit filename="src\net\manaserv\guildhandler.h" />
		<Unit filename="src\net\manaserv\internal.cpp" />
		<Unit filename="src\net\manaserv\internal.h" />
		<Unit filename="src\net\manaserv\inventoryhandler.cpp" />
		<Unit filename="src\net\manaserv\inventoryhandler.h" />
		<Unit filename="src\net\manaserv\itemhandler.cpp" />
		<Unit filename="src\net\manaserv\itemhandler.h" />
		<Unit filename="src\net\manaserv\loginhandler.cpp" />
		<Unit filename="src\net\manaserv\loginhandler.h" />
		<Unit filename="src\net\manaserv\messagehandler.cpp" />
		<Unit filename="src\net\manaserv\messagehandler.h" />
		<Unit filename="src\net\manaserv\messagein.cpp" />
		<Unit filename="src\net\manaserv\messagein.h" />
		<Unit filename="src\net\manaserv\messageout.cpp" />
		<Unit filename="src\net\manaserv\messageout.h" />
		<Unit filename="src\net\manaserv\network.cpp" />
		<Unit filename="src\net\manaserv\network.h" />
		<Unit filename="src\net\manaserv\npchandler.cpp" />
		<Unit filename="src\net\manaserv\npchandler.h" />
		<Unit filename="src\net\manaserv\partyhandler.cpp" />
		<Unit filename="src\net\manaserv\partyhandler.h" />
		<Unit filename="src\net\manaserv\playerhandler.cpp" />
		<Unit filename="src\net\manaserv\playerhandler.h" />
		<Unit filename="src\net\manaserv\protocol.h" />
		<Unit filename="src\net\manaserv\specialhandler.cpp" />
		<Unit filename="src\net\manaserv\specialhandler.h" />
		<Unit filename="src\net\manaserv\tradehandler.cpp" />
		<Unit filename="src\net\manaserv\tradehandler.h" />
		<Unit filename="src\net\messagehandler.h" />
		<Unit filename="src\net\messagein.cpp" />
		<Unit filename="src\net\messagein.h" />
		<Unit filename="src\net\messageout.cpp" />
		<Unit filename="src\net\messageout.h" />
		<Unit filename="src\net\net.cpp" />
		<Unit filename="src\net\net.h" />
		<Unit filename="src\net\npchandler.h" />
		<Unit filename="src\net\packetcounters.cpp" />
		<Unit filename="src\net\packetcounters.h" />
		<Unit filename="src\net\partyhandler.h" />
		<Unit filename="src\net\playerhandler.h" />
		<Unit filename="src\net\serverinfo.h" />
		<Unit filename="src\net\specialhandler.h" />
		<Unit filename="src\net\ea\adminhandler.cpp" />
		<Unit filename="src\net\ea\adminhandler.h" />
		<Unit filename="src\net\ea\beinghandler.cpp" />
		<Unit filename="src\net\ea\beinghandler.h" />
		<Unit filename="src\net\ea\buysellhandler.cpp" />
		<Unit filename="src\net\ea\buysellhandler.h" />
		<Unit filename="src\net\ea\eaprotocol.h" />
		<Unit filename="src\net\tmwa\adminhandler.cpp" />
		<Unit filename="src\net\tmwa\adminhandler.h" />
		<Unit filename="src\net\tmwa\beinghandler.cpp" />
		<Unit filename="src\net\tmwa\beinghandler.h" />
		<Unit filename="src\net\tmwa\buysellhandler.cpp" />
		<Unit filename="src\net\tmwa\buysellhandler.h" />
		<Unit filename="src\net\tmwa\charserverhandler.cpp" />
		<Unit filename="src\net\tmwa\charserverhandler.h" />
		<Unit filename="src\net\tmwa\chathandler.cpp" />
		<Unit filename="src\net\tmwa\chathandler.h" />
		<Unit filename="src\net\tmwa\gamehandler.cpp" />
		<Unit filename="src\net\tmwa\gamehandler.h" />
		<Unit filename="src\net\tmwa\generalhandler.cpp" />
		<Unit filename="src\net\tmwa\generalhandler.h" />
		<Unit filename="src\net\tmwa\gui\guildtab.cpp" />
		<Unit filename="src\net\tmwa\gui\guildtab.h" />
		<Unit filename="src\net\tmwa\gui\partytab.cpp" />
		<Unit filename="src\net\tmwa\gui\partytab.h" />
		<Unit filename="src\net\tmwa\guildhandler.cpp" />
		<Unit filename="src\net\tmwa\guildhandler.h" />
		<Unit filename="src\net\tmwa\inventoryhandler.cpp" />
		<Unit filename="src\net\tmwa\inventoryhandler.h" />
		<Unit filename="src\net\tmwa\itemhandler.cpp" />
		<Unit filename="src\net\tmwa\itemhandler.h" />
		<Unit filename="src\net\tmwa\loginhandler.cpp" />
		<Unit filename="src\net\tmwa\loginhandler.h" />
		<Unit filename="src\net\tmwa\messagehandler.cpp" />
		<Unit filename="src\net\tmwa\messagehandler.h" />
		<Unit filename="src\net\tmwa\messagein.cpp" />
		<Unit filename="src\net\tmwa\messagein.h" />
		<Unit filename="src\net\tmwa\messageout.cpp" />
		<Unit filename="src\net\tmwa\messageout.h" />
		<Unit filename="src\net\tmwa\network.cpp" />
		<Unit filename="src\net\tmwa\network.h" />
		<Unit filename="src\net\tmwa\npchandler.cpp" />
		<Unit filename="src\net\tmwa\npchandler.h" />
		<Unit filename="src\net\tmwa\partyhandler.cpp" />
		<Unit filename="src\net\tmwa\partyhandler.h" />
		<Unit filename="src\net\tmwa\playerhandler.cpp" />
		<Unit filename="src\net\tmwa\playerhandler.h" />
		<Unit filename="src\net\tmwa\protocol.h" />
		<Unit filename="src\net\tmwa\specialhandler.cpp" />
		<Unit filename="src\net\tmwa\specialhandler.h" />
		<Unit filename="src\net\tmwa\token.h" />
		<Unit filename="src\net\tmwa\tradehandler.cpp" />
		<Unit filename="src\net\tmwa\tradehandler.h" />
		<Unit filename="src\net\tradehandler.h" />
		<Unit filename="src\net\worldinfo.h" />
		<Unit filename="src\opengl1graphics.cpp" />
		<Unit filename="src\opengl1graphics.h" />
		<Unit filename="src\openglgraphics.cpp" />
		<Unit filename="src\openglgraphics.h" />
		<Unit filename="src\particle.cpp" />
		<Unit filename="src\particle.h" />
		<Unit filename="src\particlecontainer.cpp" />
		<Unit filename="src\particlecontainer.h" />
		<Unit filename="src\particleemitter.cpp" />
		<Unit filename="src\particleemitter.h" />
		<Unit filename="src\particleemitterprop.h" />
		<Unit filename="src\party.cpp" />
		<Unit filename="src\party.h" />
		<Unit filename="src\playerinfo.cpp" />
		<Unit filename="src\playerinfo.h" />
		<Unit filename="src\playerrelations.cpp" />
		<Unit filename="src\playerrelations.h" />
		<Unit filename="src\position.cpp" />
		<Unit filename="src\position.h" />
		<Unit filename="src\properties.h" />
		<Unit filename="src\resources\action.cpp" />
		<Unit filename="src\resources\action.h" />
		<Unit filename="src\resources\ambientlayer.cpp" />
		<Unit filename="src\resources\ambientlayer.h" />
		<Unit filename="src\resources\animation.cpp" />
		<Unit filename="src\resources\animation.h" />
		<Unit filename="src\resources\beinginfo.cpp" />
		<Unit filename="src\resources\beinginfo.h" />
		<Unit filename="src\resources\colordb.cpp" />
		<Unit filename="src\resources\colordb.h" />
		<Unit filename="src\resources\dye.cpp" />
		<Unit filename="src\resources\dye.h" />
		<Unit filename="src\resources\emotedb.cpp" />
		<Unit filename="src\resources\emotedb.h" />
		<Unit filename="src\resources\image.cpp" />
		<Unit filename="src\resources\image.h" />
		<Unit filename="src\resources\imageloader.cpp" />
		<Unit filename="src\resources\imageloader.h" />
		<Unit filename="src\resources\imageset.cpp" />
		<Unit filename="src\resources\imageset.h" />
		<Unit filename="src\resources\imagewriter.cpp" />
		<Unit filename="src\resources\imagewriter.h" />
		<Unit filename="src\resources\itemdb.cpp" />
		<Unit filename="src\resources\itemdb.h" />
		<Unit filename="src\resources\iteminfo.cpp" />
		<Unit filename="src\resources\iteminfo.h" />
		<Unit filename="src\resources\mapdb.cpp" />
		<Unit filename="src\resources\mapdb.h" />
		<Unit filename="src\resources\mapreader.cpp" />
		<Unit filename="src\resources\mapreader.h" />
		<Unit filename="src\resources\monsterdb.cpp" />
		<Unit filename="src\resources\monsterdb.h" />
		<Unit filename="src\resources\music.cpp" />
		<Unit filename="src\resources\music.h" />
		<Unit filename="src\resources\npcdb.cpp" />
		<Unit filename="src\resources\npcdb.h" />
		<Unit filename="src\resources\resource.cpp" />
		<Unit filename="src\resources\resource.h" />
		<Unit filename="src\resources\resourcemanager.cpp" />
		<Unit filename="src\resources\resourcemanager.h" />
		<Unit filename="src\resources\soundeffect.cpp" />
		<Unit filename="src\resources\soundeffect.h" />
		<Unit filename="src\resources\specialdb.cpp" />
		<Unit filename="src\resources\specialdb.h" />
		<Unit filename="src\resources\spritedef.cpp" />
		<Unit filename="src\resources\spritedef.h" />
		<Unit filename="src\resources\wallpaper.cpp" />
		<Unit filename="src\resources\wallpaper.h" />
		<Unit filename="src\rotationalparticle.cpp" />
		<Unit filename="src\rotationalparticle.h" />
		<Unit filename="src\shopitem.cpp" />
		<Unit filename="src\shopitem.h" />
		<Unit filename="src\simpleanimation.cpp" />
		<Unit filename="src\simpleanimation.h" />
		<Unit filename="src\sound.cpp" />
		<Unit filename="src\sound.h" />
		<Unit filename="src\spellmanager.cpp" />
		<Unit filename="src\spellmanager.h" />
		<Unit filename="src\spellshortcut.cpp" />
		<Unit filename="src\spellshortcut.h" />
		<Unit filename="src\sprite.h" />
		<Unit filename="src\statuseffect.cpp" />
		<Unit filename="src\statuseffect.h" />
		<Unit filename="src\text.cpp" />
		<Unit filename="src\text.h" />
		<Unit filename="src\textcommand.cpp" />
		<Unit filename="src\textcommand.h" />
		<Unit filename="src\textmanager.cpp" />
		<Unit filename="src\textmanager.h" />
		<Unit filename="src\textparticle.cpp" />
		<Unit filename="src\textparticle.h" />
		<Unit filename="src\textrenderer.h" />
		<Unit filename="src\tileset.h" />
		<Unit filename="src\units.cpp" />
		<Unit filename="src\units.h" />
		<Unit filename="src\utils\base64.cpp" />
		<Unit filename="src\utils\base64.h" />
		<Unit filename="src\utils\copynpaste.cpp" />
		<Unit filename="src\utils\copynpaste.h" />
		<Unit filename="src\utils\dtor.h" />
		<Unit filename="src\utils\gettext.h" />
		<Unit filename="src\utils\mathutils.h" />
		<Unit filename="src\utils\mkdir.cpp" />
		<Unit filename="src\utils\mkdir.h" />
		<Unit filename="src\utils\mutex.h" />
		<Unit filename="src\utils\sha256.cpp" />
		<Unit filename="src\utils\sha256.h" />
		<Unit filename="src\utils\specialfolder.cpp" />
		<Unit filename="src\utils\specialfolder.h" />
		<Unit filename="src\utils\stringutils.cpp" />
		<Unit filename="src\utils\stringutils.h" />
		<Unit filename="src\utils\xml.cpp" />
		<Unit filename="src\utils\xml.h" />
		<Unit filename="src\variabledata.h" />
		<Unit filename="src\vector.cpp" />
		<Unit filename="src\vector.h" />
		<Unit filename="src\winver.h" />
		<Unit filename="src\winver.h.in" />
		<Extensions>
			<code_completion />
			<envvars />
			<debugger />
		</Extensions>
	</Project>
</CodeBlocks_project_file>